
Microsoft Visual Studio Solution File, Format Version 12.00
Project("{8BC9CEB8-8B4A-11D0-8D11-00A0C91BC942}") = "E2EE", "E2EE\E2EE.vcxproj", "{57224F9A-1E4C-44E3-B576-8206F468D569}"
EndProject
Global
	GlobalSection(SolutionConfigurationPlatforms) = preSolution
		Debug|Win32 = Debug|Win32
		Debug|x64 = Debug|x64
		Release|Win32 = Release|Win32
		Release|x64 = Release|x64
	EndGlobalSection
	GlobalSection(ProjectConfigurationPlatforms) = postSolution
		{57224F9A-1E4C-44E3-B576-8206F468D569}.Debug|Win32.ActiveCfg = Debug|Win32
		{57224F9A-1E4C-44E3-B576-8206F468D569}.Debug|Win32.Build.0 = Debug|Win32
		{57224F9A-1E4C-44E3-B576-8206F468D569}.Debug|x64.ActiveCfg = Debug|x64
		{57224F9A-1E4C-44E3-B576-8206F468D569}.Debug|x64.Build.0 = Debug|x64
		{57224F9A-1E4C-44E3-B576-8206F468D569}.Release|Win32.ActiveCfg = Release|Win32
		{57224F9A-1E4C-44E3-B576-8206F468D569}.Release|Win32.Build.0 = Release|Win32
		{57224F9A-1E4C-44E3-B576-8206F468D569}.Release|x64.ActiveCfg = Release|x64
		{57224F9A-1E4C-44E3-B576-8206F468D569}.Release|x64.Build.0 = Release|x64
	EndGlobalSection
EndGlobal
